
Microsoft Visual Studio Solution File, Format Version 12.00
# Visual Studio 15
VisualStudioVersion = 15.0.28307.757
MinimumVisualStudioVersion = 10.0.40219.1
Project("{FAE04EC0-301F-11D3-BF4B-00C04F79EFBC}") = "OnlineStore", "OnlineStore\OnlineStore.csproj", "{C8B8390A-E4B5-4DC4-898B-D9BFC4F023CA}"
EndProject
Global
	GlobalSection(SolutionConfigurationPlatforms) = preSolution
		Debug|Any CPU = Debug|Any CPU
		Release|Any CPU = Release|Any CPU
	EndGlobalSection
	GlobalSection(ProjectConfigurationPlatforms) = postSolution
		{C8B8390A-E4B5-4DC4-898B-D9BFC4F023CA}.Debug|Any CPU.ActiveCfg = Debug|Any CPU
		{C8B8390A-E4B5-4DC4-898B-D9BFC4F023CA}.Debug|Any CPU.Build.0 = Debug|Any CPU
		{C8B8390A-E4B5-4DC4-898B-D9BFC4F023CA}.Release|Any CPU.ActiveCfg = Release|Any CPU
		{C8B8390A-E4B5-4DC4-898B-D9BFC4F023CA}.Release|Any CPU.Build.0 = Release|Any CPU
	EndGlobalSection
	GlobalSection(SolutionProperties) = preSolution
		HideSolutionNode = FALSE
	EndGlobalSection
	GlobalSection(ExtensibilityGlobals) = postSolution
		SolutionGuid = {30331DE9-CF92-4323-BD55-44CBE2DE07BE}
	EndGlobalSection
EndGlobal
